
Microsoft Visual Studio Solution File, Format Version 12.00
# Visual Studio Version 17
VisualStudioVersion = 17.1.32228.430
MinimumVisualStudioVersion = 10.0.40219.1
Project("{8BC9CEB8-8B4A-11D0-8D11-00A0C91BC942}") = "Project3", "Project3\Project3.vcxproj", "{BA2AC36F-87E5-4599-A1C3-87866E0F86AF}"
EndProject
Global
	GlobalSection(SolutionConfigurationPlatforms) = preSolution
		1|x64 = 1|x64
		1|x86 = 1|x86
		Debug|x64 = Debug|x64
		Debug|x86 = Debug|x86
		Release|x64 = Release|x64
		Release|x86 = Release|x86
	EndGlobalSection
	GlobalSection(ProjectConfigurationPlatforms) = postSolution
		{BA2AC36F-87E5-4599-A1C3-87866E0F86AF}.1|x64.ActiveCfg = 1|x64
		{BA2AC36F-87E5-4599-A1C3-87866E0F86AF}.1|x64.Build.0 = 1|x64
		{BA2AC36F-87E5-4599-A1C3-87866E0F86AF}.1|x86.ActiveCfg = 1|Win32
		{BA2AC36F-87E5-4599-A1C3-87866E0F86AF}.1|x86.Build.0 = 1|Win32
		{BA2AC36F-87E5-4599-A1C3-87866E0F86AF}.Debug|x64.ActiveCfg = Debug|x64
		{BA2AC36F-87E5-4599-A1C3-87866E0F86AF}.Debug|x64.Build.0 = Debug|x64
		{BA2AC36F-87E5-4599-A1C3-87866E0F86AF}.Debug|x86.ActiveCfg = Debug|Win32
		{BA2AC36F-87E5-4599-A1C3-87866E0F86AF}.Debug|x86.Build.0 = Debug|Win32
		{BA2AC36F-87E5-4599-A1C3-87866E0F86AF}.Release|x64.ActiveCfg = Release|x64
		{BA2AC36F-87E5-4599-A1C3-87866E0F86AF}.Release|x64.Build.0 = Release|x64
		{BA2AC36F-87E5-4599-A1C3-87866E0F86AF}.Release|x86.ActiveCfg = Release|Win32
		{BA2AC36F-87E5-4599-A1C3-87866E0F86AF}.Release|x86.Build.0 = Release|Win32
	EndGlobalSection
	GlobalSection(SolutionProperties) = preSolution
		HideSolutionNode = FALSE
	EndGlobalSection
	GlobalSection(ExtensibilityGlobals) = postSolution
		SolutionGuid = {0D136061-1E75-41D9-87EA-CCE599646194}
	EndGlobalSection
EndGlobal
